
Microsoft Visual Studio Solution File, Format Version 12.00
# Visual Studio Version 17
VisualStudioVersion = 17.8.34330.188
MinimumVisualStudioVersion = 10.0.40219.1
Project("{FAE04EC0-301F-11D3-BF4B-00C04F79EFBC}") = "SaleSync", "SaleSync\SaleSync.csproj", "{2AF77126-79B5-42E9-A640-53DDDE1E7591}"
EndProject
Global
	GlobalSection(SolutionConfigurationPlatforms) = preSolution
		Debug|Any CPU = Debug|Any CPU
		Release|Any CPU = Release|Any CPU
	EndGlobalSection
	GlobalSection(ProjectConfigurationPlatforms) = postSolution
		{2AF77126-79B5-42E9-A640-53DDDE1E7591}.Debug|Any CPU.ActiveCfg = Debug|Any CPU
		{2AF77126-79B5-42E9-A640-53DDDE1E7591}.Debug|Any CPU.Build.0 = Debug|Any CPU
		{2AF77126-79B5-42E9-A640-53DDDE1E7591}.Release|Any CPU.ActiveCfg = Release|Any CPU
		{2AF77126-79B5-42E9-A640-53DDDE1E7591}.Release|Any CPU.Build.0 = Release|Any CPU
	EndGlobalSection
	GlobalSection(SolutionProperties) = preSolution
		HideSolutionNode = FALSE
	EndGlobalSection
	GlobalSection(ExtensibilityGlobals) = postSolution
		SolutionGuid = {5842CCB6-A098-43A6-831A-58362A3D95B5}
	EndGlobalSection
EndGlobal
